
Microsoft Visual Studio Solution File, Format Version 12.00
# Visual Studio 15
VisualStudioVersion = 15.0.28307.168
MinimumVisualStudioVersion = 10.0.40219.1
Project("{FAE04EC0-301F-11D3-BF4B-00C04F79EFBC}") = "GoFDesignPatternsImplementation", "GoFDesignPatternsImplementation\GoFDesignPatternsImplementation.csproj", "{28CA3831-CB1F-4D0D-99B8-58554822B539}"
EndProject
Project("{FAE04EC0-301F-11D3-BF4B-00C04F79EFBC}") = "GoFDesignPatternsImplementation.Domain", "GoFDesignPatternsImplementation.Domain\GoFDesignPatternsImplementation.Domain.csproj", "{7F1E1B64-119B-417B-970A-037CEFFCAC63}"
EndProject
Project("{FAE04EC0-301F-11D3-BF4B-00C04F79EFBC}") = "GoFDesignPatternsImplementation.Infrastructure", "GoFDesignPatternsImplementation.Infrastructure\GoFDesignPatternsImplementation.Infrastructure.csproj", "{A52CA1E0-9F26-41A5-8F3F-97CDB89E00D3}"
EndProject
Global
	GlobalSection(SolutionConfigurationPlatforms) = preSolution
		Debug|Any CPU = Debug|Any CPU
		Release|Any CPU = Release|Any CPU
	EndGlobalSection
	GlobalSection(ProjectConfigurationPlatforms) = postSolution
		{28CA3831-CB1F-4D0D-99B8-58554822B539}.Debug|Any CPU.ActiveCfg = Debug|Any CPU
		{28CA3831-CB1F-4D0D-99B8-58554822B539}.Debug|Any CPU.Build.0 = Debug|Any CPU
		{28CA3831-CB1F-4D0D-99B8-58554822B539}.Release|Any CPU.ActiveCfg = Release|Any CPU
		{28CA3831-CB1F-4D0D-99B8-58554822B539}.Release|Any CPU.Build.0 = Release|Any CPU
		{7F1E1B64-119B-417B-970A-037CEFFCAC63}.Debug|Any CPU.ActiveCfg = Debug|Any CPU
		{7F1E1B64-119B-417B-970A-037CEFFCAC63}.Debug|Any CPU.Build.0 = Debug|Any CPU
		{7F1E1B64-119B-417B-970A-037CEFFCAC63}.Release|Any CPU.ActiveCfg = Release|Any CPU
		{7F1E1B64-119B-417B-970A-037CEFFCAC63}.Release|Any CPU.Build.0 = Release|Any CPU
		{A52CA1E0-9F26-41A5-8F3F-97CDB89E00D3}.Debug|Any CPU.ActiveCfg = Debug|Any CPU
		{A52CA1E0-9F26-41A5-8F3F-97CDB89E00D3}.Debug|Any CPU.Build.0 = Debug|Any CPU
		{A52CA1E0-9F26-41A5-8F3F-97CDB89E00D3}.Release|Any CPU.ActiveCfg = Release|Any CPU
		{A52CA1E0-9F26-41A5-8F3F-97CDB89E00D3}.Release|Any CPU.Build.0 = Release|Any CPU
	EndGlobalSection
	GlobalSection(SolutionProperties) = preSolution
		HideSolutionNode = FALSE
	EndGlobalSection
	GlobalSection(ExtensibilityGlobals) = postSolution
		SolutionGuid = {A91A430E-0D5A-47AD-BAE4-121039A5ED35}
	EndGlobalSection
EndGlobal
